
Microsoft Visual Studio Solution File, Format Version 12.00
# Visual Studio Version 17
VisualStudioVersion = 17.0.32014.148
MinimumVisualStudioVersion = 10.0.40219.1
Project("{FAE04EC0-301F-11D3-BF4B-00C04F79EFBC}") = "MaxTemp", "MaxTemp.csproj", "{B45271A9-5D2D-48EF-9A99-BF38062C3AB8}"
EndProject
Global
	GlobalSection(SolutionConfigurationPlatforms) = preSolution
		Debug|Any CPU = Debug|Any CPU
		Release|Any CPU = Release|Any CPU
	EndGlobalSection
	GlobalSection(ProjectConfigurationPlatforms) = postSolution
		{B45271A9-5D2D-48EF-9A99-BF38062C3AB8}.Debug|Any CPU.ActiveCfg = Debug|Any CPU
		{B45271A9-5D2D-48EF-9A99-BF38062C3AB8}.Debug|Any CPU.Build.0 = Debug|Any CPU
		{B45271A9-5D2D-48EF-9A99-BF38062C3AB8}.Release|Any CPU.ActiveCfg = Release|Any CPU
		{B45271A9-5D2D-48EF-9A99-BF38062C3AB8}.Release|Any CPU.Build.0 = Release|Any CPU
	EndGlobalSection
	GlobalSection(SolutionProperties) = preSolution
		HideSolutionNode = FALSE
	EndGlobalSection
	GlobalSection(ExtensibilityGlobals) = postSolution
		SolutionGuid = {73104D68-DB4E-413B-A515-06F6335DD914}
	EndGlobalSection
EndGlobal
